
Microsoft Visual Studio Solution File, Format Version 12.00
# Visual Studio Version 17
VisualStudioVersion = 17.0.31903.59
MinimumVisualStudioVersion = 10.0.40219.1
Project("{2150E333-8FDC-42A3-9474-1A3956D46DE8}") = "01.Core", "01.Core", "{3641F40C-F451-EC89-4CCD-7353887F9600}"
EndProject
Project("{FAE04EC0-301F-11D3-BF4B-00C04F79EFBC}") = "TESTRIG.Core.Abstractions", "..\Common\src\01.Core\TESTRIG.Core.Abstractions\TESTRIG.Core.Abstractions.csproj", "{CD810C35-7E75-44BE-BC46-836067FFCBEF}"
EndProject
Project("{FAE04EC0-301F-11D3-BF4B-00C04F79EFBC}") = "TESTRIG.Core.Engine", "..\Common\src\01.Core\TESTRIG.Core.Engine\TESTRIG.Core.Engine.csproj", "{8661861C-AFD2-419A-B171-977B33BDEFD3}"
EndProject
Project("{2150E333-8FDC-42A3-9474-1A3956D46DE8}") = "02.Infrastructure", "02.Infrastructure", "{2B22C595-F5F2-29E1-B3E4-90F3997BAF97}"
EndProject
Project("{FAE04EC0-301F-11D3-BF4B-00C04F79EFBC}") = "TESTRIG.Infrastructure", "..\Common\src\02.Infrastructure\TESTRIG.Infrastructure\TESTRIG.Infrastructure.csproj", "{886A6202-6883-49F9-BB47-6E89B6EED777}"
EndProject
Project("{2150E333-8FDC-42A3-9474-1A3956D46DE8}") = "03.Devices", "03.Devices", "{BC650A3A-04B9-73AC-0DA2-9E8303441F13}"
EndProject
Project("{FAE04EC0-301F-11D3-BF4B-00C04F79EFBC}") = "TESTRIG.Devices.Abstractions", "..\Common\src\03.Devices\TESTRIG.Devices.Abstractions\TESTRIG.Devices.Abstractions.csproj", "{EB247143-72F1-42D9-A368-043038B35477}"
EndProject
Project("{FAE04EC0-301F-11D3-BF4B-00C04F79EFBC}") = "TESTRIG.Devices", "..\Common\src\03.Devices\TESTRIG.Devices\TESTRIG.Devices.csproj", "{721A6F75-20CE-4AED-A91A-00FAB26DDCB9}"
EndProject
Project("{FAE04EC0-301F-11D3-BF4B-00C04F79EFBC}") = "TESTRIG.Devices.BleWin", "..\Common\src\03.Devices\TESTRIG.Devices.BleWin\TESTRIG.Devices.BleWin.csproj", "{5CB1C980-5580-672A-9161-ABD3617F08F9}"
EndProject
Project("{2150E333-8FDC-42A3-9474-1A3956D46DE8}") = "04.TestSteps", "04.TestSteps", "{55C35527-2B22-53A3-DAA2-CA22BB796F16}"
EndProject
Project("{FAE04EC0-301F-11D3-BF4B-00C04F79EFBC}") = "TESTRIG.TestSteps", "src\04.TestSteps\TESTRIG.TestSteps\TESTRIG.TestSteps.csproj", "{74D9CFED-4C05-4298-9117-21EE13F254E7}"
EndProject
Project("{2150E333-8FDC-42A3-9474-1A3956D46DE8}") = "05.Jigs", "05.Jigs", "{51BFFC1A-426F-4EC3-14AD-DA7CEAFDE505}"
EndProject
Project("{FAE04EC0-301F-11D3-BF4B-00C04F79EFBC}") = "TESTRIG.Jigs", "src\05.Jigs\TESTRIG.Jigs\TESTRIG.Jigs.csproj", "{8603862D-44D8-40AA-9E41-BE71D74CBCDE}"
EndProject
Project("{2150E333-8FDC-42A3-9474-1A3956D46DE8}") = "06.Automation", "06.Automation", "{90EC45AD-7904-D42D-A3ED-42EEA63A54D3}"
EndProject
Project("{FAE04EC0-301F-11D3-BF4B-00C04F79EFBC}") = "TESTRIG.Automation", "src\06.Automation\TESTRIG.Automation\TESTRIG.Automation.csproj", "{59394E31-8B6B-4A0E-BF54-BAE0314CFE8E}"
EndProject
Project("{2150E333-8FDC-42A3-9474-1A3956D46DE8}") = "07.UI", "07.UI", "{733282FE-DAAB-5896-C28A-1D200F107FB2}"
EndProject
Project("{FAE04EC0-301F-11D3-BF4B-00C04F79EFBC}") = "TESTRIG.UI.Shared", "src\07.UI\TESTRIG.UI.Shared\TESTRIG.UI.Shared.csproj", "{6AB5F361-8B2B-4374-9614-1545C25B2606}"
EndProject
Project("{2150E333-8FDC-42A3-9474-1A3956D46DE8}") = "08.App", "08.App", "{7BA9ED14-20FD-73BC-CC78-C3B7B4A7BFE3}"
EndProject
Project("{FAE04EC0-301F-11D3-BF4B-00C04F79EFBC}") = "TESTRIG.App", "src\08.App\TESTRIG.App\TESTRIG.App.csproj", "{0EC968C4-16E4-41DB-A357-5E6BD0034A38}"
EndProject
Project("{2150E333-8FDC-42A3-9474-1A3956D46DE8}") = "09.Updater", "09.Updater", "{0490C72C-CCBD-6C92-F6A6-395B4762E1D3}"
EndProject
Project("{FAE04EC0-301F-11D3-BF4B-00C04F79EFBC}") = "TESTRIG.Updater", "src\09.Updater\TESTRIG.Updater\TESTRIG.Updater.csproj", "{03D91E7F-699F-4A0E-A81C-B721247C5559}"
EndProject
Global
	GlobalSection(SolutionConfigurationPlatforms) = preSolution
		Debug|Any CPU = Debug|Any CPU
		Release|Any CPU = Release|Any CPU
	EndGlobalSection
	GlobalSection(ProjectConfigurationPlatforms) = postSolution
		{CD810C35-7E75-44BE-BC46-836067FFCBEF}.Debug|Any CPU.ActiveCfg = Debug|Any CPU
		{CD810C35-7E75-44BE-BC46-836067FFCBEF}.Debug|Any CPU.Build.0 = Debug|Any CPU
		{CD810C35-7E75-44BE-BC46-836067FFCBEF}.Release|Any CPU.ActiveCfg = Release|Any CPU
		{CD810C35-7E75-44BE-BC46-836067FFCBEF}.Release|Any CPU.Build.0 = Release|Any CPU
		{8661861C-AFD2-419A-B171-977B33BDEFD3}.Debug|Any CPU.ActiveCfg = Debug|Any CPU
		{8661861C-AFD2-419A-B171-977B33BDEFD3}.Debug|Any CPU.Build.0 = Debug|Any CPU
		{8661861C-AFD2-419A-B171-977B33BDEFD3}.Release|Any CPU.ActiveCfg = Release|Any CPU
		{8661861C-AFD2-419A-B171-977B33BDEFD3}.Release|Any CPU.Build.0 = Release|Any CPU
		{886A6202-6883-49F9-BB47-6E89B6EED777}.Debug|Any CPU.ActiveCfg = Debug|Any CPU
		{886A6202-6883-49F9-BB47-6E89B6EED777}.Debug|Any CPU.Build.0 = Debug|Any CPU
		{886A6202-6883-49F9-BB47-6E89B6EED777}.Release|Any CPU.ActiveCfg = Release|Any CPU
		{886A6202-6883-49F9-BB47-6E89B6EED777}.Release|Any CPU.Build.0 = Release|Any CPU
		{EB247143-72F1-42D9-A368-043038B35477}.Debug|Any CPU.ActiveCfg = Debug|Any CPU
		{EB247143-72F1-42D9-A368-043038B35477}.Debug|Any CPU.Build.0 = Debug|Any CPU
		{EB247143-72F1-42D9-A368-043038B35477}.Release|Any CPU.ActiveCfg = Release|Any CPU
		{EB247143-72F1-42D9-A368-043038B35477}.Release|Any CPU.Build.0 = Release|Any CPU
		{721A6F75-20CE-4AED-A91A-00FAB26DDCB9}.Debug|Any CPU.ActiveCfg = Debug|Any CPU
		{721A6F75-20CE-4AED-A91A-00FAB26DDCB9}.Debug|Any CPU.Build.0 = Debug|Any CPU
		{721A6F75-20CE-4AED-A91A-00FAB26DDCB9}.Release|Any CPU.ActiveCfg = Release|Any CPU
		{721A6F75-20CE-4AED-A91A-00FAB26DDCB9}.Release|Any CPU.Build.0 = Release|Any CPU
		{5CB1C980-5580-672A-9161-ABD3617F08F9}.Debug|Any CPU.ActiveCfg = Debug|Any CPU
		{5CB1C980-5580-672A-9161-ABD3617F08F9}.Debug|Any CPU.Build.0 = Debug|Any CPU
		{5CB1C980-5580-672A-9161-ABD3617F08F9}.Release|Any CPU.ActiveCfg = Release|Any CPU
		{5CB1C980-5580-672A-9161-ABD3617F08F9}.Release|Any CPU.Build.0 = Release|Any CPU
		{74D9CFED-4C05-4298-9117-21EE13F254E7}.Debug|Any CPU.ActiveCfg = Debug|Any CPU
		{74D9CFED-4C05-4298-9117-21EE13F254E7}.Debug|Any CPU.Build.0 = Debug|Any CPU
		{74D9CFED-4C05-4298-9117-21EE13F254E7}.Release|Any CPU.ActiveCfg = Release|Any CPU
		{74D9CFED-4C05-4298-9117-21EE13F254E7}.Release|Any CPU.Build.0 = Release|Any CPU
		{8603862D-44D8-40AA-9E41-BE71D74CBCDE}.Debug|Any CPU.ActiveCfg = Debug|Any CPU
		{8603862D-44D8-40AA-9E41-BE71D74CBCDE}.Debug|Any CPU.Build.0 = Debug|Any CPU
		{8603862D-44D8-40AA-9E41-BE71D74CBCDE}.Release|Any CPU.ActiveCfg = Release|Any CPU
		{8603862D-44D8-40AA-9E41-BE71D74CBCDE}.Release|Any CPU.Build.0 = Release|Any CPU
		{59394E31-8B6B-4A0E-BF54-BAE0314CFE8E}.Debug|Any CPU.ActiveCfg = Debug|Any CPU
		{59394E31-8B6B-4A0E-BF54-BAE0314CFE8E}.Debug|Any CPU.Build.0 = Debug|Any CPU
		{59394E31-8B6B-4A0E-BF54-BAE0314CFE8E}.Release|Any CPU.ActiveCfg = Release|Any CPU
		{59394E31-8B6B-4A0E-BF54-BAE0314CFE8E}.Release|Any CPU.Build.0 = Release|Any CPU
		{6AB5F361-8B2B-4374-9614-1545C25B2606}.Debug|Any CPU.ActiveCfg = Debug|Any CPU
		{6AB5F361-8B2B-4374-9614-1545C25B2606}.Debug|Any CPU.Build.0 = Debug|Any CPU
		{6AB5F361-8B2B-4374-9614-1545C25B2606}.Release|Any CPU.ActiveCfg = Release|Any CPU
		{6AB5F361-8B2B-4374-9614-1545C25B2606}.Release|Any CPU.Build.0 = Release|Any CPU
		{0EC968C4-16E4-41DB-A357-5E6BD0034A38}.Debug|Any CPU.ActiveCfg = Debug|Any CPU
		{0EC968C4-16E4-41DB-A357-5E6BD0034A38}.Debug|Any CPU.Build.0 = Debug|Any CPU
		{0EC968C4-16E4-41DB-A357-5E6BD0034A38}.Release|Any CPU.ActiveCfg = Release|Any CPU
		{0EC968C4-16E4-41DB-A357-5E6BD0034A38}.Release|Any CPU.Build.0 = Release|Any CPU
		{03D91E7F-699F-4A0E-A81C-B721247C5559}.Debug|Any CPU.ActiveCfg = Debug|Any CPU
		{03D91E7F-699F-4A0E-A81C-B721247C5559}.Debug|Any CPU.Build.0 = Debug|Any CPU
		{03D91E7F-699F-4A0E-A81C-B721247C5559}.Release|Any CPU.ActiveCfg = Release|Any CPU
		{03D91E7F-699F-4A0E-A81C-B721247C5559}.Release|Any CPU.Build.0 = Release|Any CPU
	EndGlobalSection
	GlobalSection(SolutionProperties) = preSolution
		HideSolutionNode = FALSE
	EndGlobalSection
	GlobalSection(NestedProjects) = preSolution
		{CD810C35-7E75-44BE-BC46-836067FFCBEF} = {3641F40C-F451-EC89-4CCD-7353887F9600}
		{8661861C-AFD2-419A-B171-977B33BDEFD3} = {3641F40C-F451-EC89-4CCD-7353887F9600}
		{886A6202-6883-49F9-BB47-6E89B6EED777} = {2B22C595-F5F2-29E1-B3E4-90F3997BAF97}
		{EB247143-72F1-42D9-A368-043038B35477} = {BC650A3A-04B9-73AC-0DA2-9E8303441F13}
		{721A6F75-20CE-4AED-A91A-00FAB26DDCB9} = {BC650A3A-04B9-73AC-0DA2-9E8303441F13}
		{5CB1C980-5580-672A-9161-ABD3617F08F9} = {BC650A3A-04B9-73AC-0DA2-9E8303441F13}
		{74D9CFED-4C05-4298-9117-21EE13F254E7} = {55C35527-2B22-53A3-DAA2-CA22BB796F16}
		{8603862D-44D8-40AA-9E41-BE71D74CBCDE} = {51BFFC1A-426F-4EC3-14AD-DA7CEAFDE505}
		{59394E31-8B6B-4A0E-BF54-BAE0314CFE8E} = {90EC45AD-7904-D42D-A3ED-42EEA63A54D3}
		{6AB5F361-8B2B-4374-9614-1545C25B2606} = {733282FE-DAAB-5896-C28A-1D200F107FB2}
		{0EC968C4-16E4-41DB-A357-5E6BD0034A38} = {7BA9ED14-20FD-73BC-CC78-C3B7B4A7BFE3}
		{03D91E7F-699F-4A0E-A81C-B721247C5559} = {0490C72C-CCBD-6C92-F6A6-395B4762E1D3}
	EndGlobalSection
	GlobalSection(ExtensibilityGlobals) = postSolution
		SolutionGuid = {1F44A4B2-3702-4314-A54D-4B1C2BC0AC95}
	EndGlobalSection
EndGlobal
